
Microsoft Visual Studio Solution File, Format Version 12.00
# Visual Studio Version 16
VisualStudioVersion = 16.0.31702.278
MinimumVisualStudioVersion = 10.0.40219.1
Project("{9A19103F-16F7-4668-BE54-9A1E7A4F7556}") = "Calculator", "Calculator\Calculator.csproj", "{63C79CD2-2013-4F57-9A23-C4E9D3C19239}"
EndProject
Project("{FAE04EC0-301F-11D3-BF4B-00C04F79EFBC}") = "CalculatorLibrary", "CalculatorLibrary\CalculatorLibrary.csproj", "{C1B97A81-28B8-49FA-8A7F-8F67ADE5C263}"
EndProject
Global
	GlobalSection(SolutionConfigurationPlatforms) = preSolution
		Debug|Any CPU = Debug|Any CPU
		Release|Any CPU = Release|Any CPU
	EndGlobalSection
	GlobalSection(ProjectConfigurationPlatforms) = postSolution
		{63C79CD2-2013-4F57-9A23-C4E9D3C19239}.Debug|Any CPU.ActiveCfg = Debug|Any CPU
		{63C79CD2-2013-4F57-9A23-C4E9D3C19239}.Debug|Any CPU.Build.0 = Debug|Any CPU
		{63C79CD2-2013-4F57-9A23-C4E9D3C19239}.Release|Any CPU.ActiveCfg = Release|Any CPU
		{63C79CD2-2013-4F57-9A23-C4E9D3C19239}.Release|Any CPU.Build.0 = Release|Any CPU
		{C1B97A81-28B8-49FA-8A7F-8F67ADE5C263}.Debug|Any CPU.ActiveCfg = Debug|Any CPU
		{C1B97A81-28B8-49FA-8A7F-8F67ADE5C263}.Debug|Any CPU.Build.0 = Debug|Any CPU
		{C1B97A81-28B8-49FA-8A7F-8F67ADE5C263}.Release|Any CPU.ActiveCfg = Release|Any CPU
		{C1B97A81-28B8-49FA-8A7F-8F67ADE5C263}.Release|Any CPU.Build.0 = Release|Any CPU
	EndGlobalSection
	GlobalSection(SolutionProperties) = preSolution
		HideSolutionNode = FALSE
	EndGlobalSection
	GlobalSection(ExtensibilityGlobals) = postSolution
		SolutionGuid = {D51E009E-90BB-4DBB-9D69-C3C13184EF4C}
	EndGlobalSection
EndGlobal
